
Microsoft Visual Studio Solution File, Format Version 12.00
# Visual Studio Version 17
VisualStudioVersion = 17.13.35828.75
MinimumVisualStudioVersion = 10.0.40219.1
Project("{FAE04EC0-301F-11D3-BF4B-00C04F79EFBC}") = "NikkiUpgrades", "NikkiUpgrades.csproj", "{73BB89F2-8E89-C96B-449E-0A6047E838DF}"
EndProject
Global
	GlobalSection(SolutionConfigurationPlatforms) = preSolution
		Debug|Any CPU = Debug|Any CPU
		Release|Any CPU = Release|Any CPU
	EndGlobalSection
	GlobalSection(ProjectConfigurationPlatforms) = postSolution
		{73BB89F2-8E89-C96B-449E-0A6047E838DF}.Debug|Any CPU.ActiveCfg = Debug|Any CPU
		{73BB89F2-8E89-C96B-449E-0A6047E838DF}.Debug|Any CPU.Build.0 = Debug|Any CPU
		{73BB89F2-8E89-C96B-449E-0A6047E838DF}.Release|Any CPU.ActiveCfg = Release|Any CPU
		{73BB89F2-8E89-C96B-449E-0A6047E838DF}.Release|Any CPU.Build.0 = Release|Any CPU
	EndGlobalSection
	GlobalSection(SolutionProperties) = preSolution
		HideSolutionNode = FALSE
	EndGlobalSection
	GlobalSection(ExtensibilityGlobals) = postSolution
		SolutionGuid = {1FAF9702-A953-4DE3-B0AC-ACD8BE005E49}
	EndGlobalSection
EndGlobal
